
Microsoft Visual Studio Solution File, Format Version 12.00
# Visual Studio Version 17
VisualStudioVersion = 17.11.35312.102
MinimumVisualStudioVersion = 10.0.40219.1
Project("{FAE04EC0-301F-11D3-BF4B-00C04F79EFBC}") = "InventoryManagementConsole", "InventoryManagementConsole\InventoryManagementConsole.csproj", "{C7010FD6-3BB1-49FB-B239-C8B509614246}"
EndProject
Global
	GlobalSection(SolutionConfigurationPlatforms) = preSolution
		Debug|Any CPU = Debug|Any CPU
		Release|Any CPU = Release|Any CPU
	EndGlobalSection
	GlobalSection(ProjectConfigurationPlatforms) = postSolution
		{C7010FD6-3BB1-49FB-B239-C8B509614246}.Debug|Any CPU.ActiveCfg = Debug|Any CPU
		{C7010FD6-3BB1-49FB-B239-C8B509614246}.Debug|Any CPU.Build.0 = Debug|Any CPU
		{C7010FD6-3BB1-49FB-B239-C8B509614246}.Release|Any CPU.ActiveCfg = Release|Any CPU
		{C7010FD6-3BB1-49FB-B239-C8B509614246}.Release|Any CPU.Build.0 = Release|Any CPU
	EndGlobalSection
	GlobalSection(SolutionProperties) = preSolution
		HideSolutionNode = FALSE
	EndGlobalSection
	GlobalSection(ExtensibilityGlobals) = postSolution
		SolutionGuid = {CBF9DE29-BC81-41D0-8BA5-2D78B812E54D}
	EndGlobalSection
EndGlobal
